// !$*UTF8*$!
{
	archiveVersion = 1;
	classes = {
	};
	objectVersion = 77;
	objects = {

/* Begin PBXBuildFile section */
		8C4882442DE4E98300E903D0 /* Alamofire in Frameworks */ = {isa = PBXBuildFile; productRef = 8C4882432DE4E98300E903D0 /* Alamofire */; };
		8CB27B992E41F3D0002CE17F /* FirebaseAuth in Frameworks */ = {isa = PBXBuildFile; productRef = 8CB27B982E41F3D0002CE17F /* FirebaseAuth */; };
		8CB27B9B2E41F3D0002CE17F /* FirebaseCore in Frameworks */ = {isa = PBXBuildFile; productRef = 8CB27B9A2E41F3D0002CE17F /* FirebaseCore */; };
		8CB27B9D2E41F3EE002CE17F /* GoogleSignIn in Frameworks */ = {isa = PBXBuildFile; productRef = 8CB27B9C2E41F3EE002CE17F /* GoogleSignIn */; };
/* End PBXBuildFile section */

/* Begin PBXContainerItemProxy section */
		8CD5353D2DE0410B00F3FD75 /* PBXContainerItemProxy */ = {
			isa = PBXContainerItemProxy;
			containerPortal = 8CD535272DE0410900F3FD75 /* Project object */;
			proxyType = 1;
			remoteGlobalIDString = 8CD5352E2DE0410900F3FD75;
			remoteInfo = D2Flight;
		};
		8CD535472DE0410B00F3FD75 /* PBXContainerItemProxy */ = {
			isa = PBXContainerItemProxy;
			containerPortal = 8CD535272DE0410900F3FD75 /* Project object */;
			proxyType = 1;
			remoteGlobalIDString = 8CD5352E2DE0410900F3FD75;
			remoteInfo = D2Flight;
		};
/* End PBXContainerItemProxy section */

/* Begin PBXFileReference section */
		8CD5352F2DE0410900F3FD75 /* D2Flight.app */ = {isa = PBXFileReference; explicitFileType = wrapper.application; includeInIndex = 0; path = D2Flight.app; sourceTree = BUILT_PRODUCTS_DIR; };
		8CD5353C2DE0410B00F3FD75 /* D2FlightTests.xctest */ = {isa = PBXFileReference; explicitFileType = wrapper.cfbundle; includeInIndex = 0; path = D2FlightTests.xctest; sourceTree = BUILT_PRODUCTS_DIR; };
		8CD535462DE0410B00F3FD75 /* D2FlightUITests.xctest */ = {isa = PBXFileReference; explicitFileType = wrapper.cfbundle; includeInIndex = 0; path = D2FlightUITests.xctest; sourceTree = BUILT_PRODUCTS_DIR; };
/* End PBXFileReference section */

/* Begin PBXFileSystemSynchronizedBuildFileExceptionSet section */
		8CB287B02E422AA3002CE17F /* Exceptions for "D2Flight" folder in "D2Flight" target */ = {
			isa = PBXFileSystemSynchronizedBuildFileExceptionSet;
			membershipExceptions = (
				"Extensions/DateFormatter+Extensions.swift",
				"Extensions/FilterViewModel+ClearButton.swift",
				"Extensions/FilterViewModel+Debug.swift",
				"Extensions/ResultViewModel+ClearButton.swift",
				Info.plist,
			);
			target = 8CD5352E2DE0410900F3FD75 /* D2Flight */;
		};
/* End PBXFileSystemSynchronizedBuildFileExceptionSet section */

/* Begin PBXFileSystemSynchronizedGroupBuildPhaseMembershipExceptionSet section */
		8C526F822E55BA930010EE6B /* Exceptions for "D2Flight" folder in "Copy Bundle Resources" phase from "D2Flight" target */ = {
			isa = PBXFileSystemSynchronizedGroupBuildPhaseMembershipExceptionSet;
			buildPhase = 8CD5352D2DE0410900F3FD75 /* Resources */;
			membershipExceptions = (
				"Extensions/DateFormatter+Extensions.swift",
				"Extensions/FilterViewModel+ClearButton.swift",
				"Extensions/FilterViewModel+Debug.swift",
				"Extensions/ResultViewModel+ClearButton.swift",
			);
		};
/* End PBXFileSystemSynchronizedGroupBuildPhaseMembershipExceptionSet section */

/* Begin PBXFileSystemSynchronizedRootGroup section */
		8CD535312DE0410900F3FD75 /* D2Flight */ = {
			isa = PBXFileSystemSynchronizedRootGroup;
			exceptions = (
				8CB287B02E422AA3002CE17F /* Exceptions for "D2Flight" folder in "D2Flight" target */,
				8C526F822E55BA930010EE6B /* Exceptions for "D2Flight" folder in "Copy Bundle Resources" phase from "D2Flight" target */,
			);
			path = D2Flight;
			sourceTree = "<group>";
		};
		8CD5353F2DE0410B00F3FD75 /* D2FlightTests */ = {
			isa = PBXFileSystemSynchronizedRootGroup;
			path = D2FlightTests;
			sourceTree = "<group>";
		};
		8CD535492DE0410B00F3FD75 /* D2FlightUITests */ = {
			isa = PBXFileSystemSynchronizedRootGroup;
			path = D2FlightUITests;
			sourceTree = "<group>";
		};
/* End PBXFileSystemSynchronizedRootGroup section */

/* Begin PBXFrameworksBuildPhase section */
		8CD5352C2DE0410900F3FD75 /* Frameworks */ = {
			isa = PBXFrameworksBuildPhase;
			buildActionMask = 2147483647;
			files = (
				8C4882442DE4E98300E903D0 /* Alamofire in Frameworks */,
				8CB27B9D2E41F3EE002CE17F /* GoogleSignIn in Frameworks */,
				8CB27B9B2E41F3D0002CE17F /* FirebaseCore in Frameworks */,
				8CB27B992E41F3D0002CE17F /* FirebaseAuth in Frameworks */,
			);
			runOnlyForDeploymentPostprocessing = 0;
		};
		8CD535392DE0410B00F3FD75 /* Frameworks */ = {
			isa = PBXFrameworksBuildPhase;
			buildActionMask = 2147483647;
			files = (
			);
			runOnlyForDeploymentPostprocessing = 0;
		};
		8CD535432DE0410B00F3FD75 /* Frameworks */ = {
			isa = PBXFrameworksBuildPhase;
			buildActionMask = 2147483647;
			files = (
			);
			runOnlyForDeploymentPostprocessing = 0;
		};
/* End PBXFrameworksBuildPhase section */

/* Begin PBXGroup section */
		8CD535262DE0410900F3FD75 = {
			isa = PBXGroup;
			children = (
				8CD535312DE0410900F3FD75 /* D2Flight */,
				8CD5353F2DE0410B00F3FD75 /* D2FlightTests */,
				8CD535492DE0410B00F3FD75 /* D2FlightUITests */,
				8CD535302DE0410900F3FD75 /* Products */,
			);
			sourceTree = "<group>";
		};
		8CD535302DE0410900F3FD75 /* Products */ = {
			isa = PBXGroup;
			children = (
				8CD5352F2DE0410900F3FD75 /* D2Flight.app */,
				8CD5353C2DE0410B00F3FD75 /* D2FlightTests.xctest */,
				8CD535462DE0410B00F3FD75 /* D2FlightUITests.xctest */,
			);
			name = Products;
			sourceTree = "<group>";
		};
/* End PBXGroup section */

/* Begin PBXNativeTarget section */
		8CD5352E2DE0410900F3FD75 /* D2Flight */ = {
			isa = PBXNativeTarget;
			buildConfigurationList = 8CD535502DE0410B00F3FD75 /* Build configuration list for PBXNativeTarget "D2Flight" */;
			buildPhases = (
				8CD5352B2DE0410900F3FD75 /* Sources */,
				8CD5352C2DE0410900F3FD75 /* Frameworks */,
				8CD5352D2DE0410900F3FD75 /* Resources */,
			);
			buildRules = (
			);
			dependencies = (
			);
			fileSystemSynchronizedGroups = (
				8CD535312DE0410900F3FD75 /* D2Flight */,
			);
			name = D2Flight;
			packageProductDependencies = (
				8C4882432DE4E98300E903D0 /* Alamofire */,
				8CB27B982E41F3D0002CE17F /* FirebaseAuth */,
				8CB27B9A2E41F3D0002CE17F /* FirebaseCore */,
				8CB27B9C2E41F3EE002CE17F /* GoogleSignIn */,
			);
			productName = D2Flight;
			productReference = 8CD5352F2DE0410900F3FD75 /* D2Flight.app */;
			productType = "com.apple.product-type.application";
		};
		8CD5353B2DE0410B00F3FD75 /* D2FlightTests */ = {
			isa = PBXNativeTarget;
			buildConfigurationList = 8CD535532DE0410B00F3FD75 /* Build configuration list for PBXNativeTarget "D2FlightTests" */;
			buildPhases = (
				8CD535382DE0410B00F3FD75 /* Sources */,
				8CD535392DE0410B00F3FD75 /* Frameworks */,
				8CD5353A2DE0410B00F3FD75 /* Resources */,
			);
			buildRules = (
			);
			dependencies = (
				8CD5353E2DE0410B00F3FD75 /* PBXTargetDependency */,
			);
			fileSystemSynchronizedGroups = (
				8CD5353F2DE0410B00F3FD75 /* D2FlightTests */,
			);
			name = D2FlightTests;
			packageProductDependencies = (
			);
			productName = D2FlightTests;
			productReference = 8CD5353C2DE0410B00F3FD75 /* D2FlightTests.xctest */;
			productType = "com.apple.product-type.bundle.unit-test";
		};
		8CD535452DE0410B00F3FD75 /* D2FlightUITests */ = {
			isa = PBXNativeTarget;
			buildConfigurationList = 8CD535562DE0410B00F3FD75 /* Build configuration list for PBXNativeTarget "D2FlightUITests" */;
			buildPhases = (
				8CD535422DE0410B00F3FD75 /* Sources */,
				8CD535432DE0410B00F3FD75 /* Frameworks */,
				8CD535442DE0410B00F3FD75 /* Resources */,
			);
			buildRules = (
			);
			dependencies = (
				8CD535482DE0410B00F3FD75 /* PBXTargetDependency */,
			);
			fileSystemSynchronizedGroups = (
				8CD535492DE0410B00F3FD75 /* D2FlightUITests */,
			);
			name = D2FlightUITests;
			packageProductDependencies = (
			);
			productName = D2FlightUITests;
			productReference = 8CD535462DE0410B00F3FD75 /* D2FlightUITests.xctest */;
			productType = "com.apple.product-type.bundle.ui-testing";
		};
/* End PBXNativeTarget section */

/* Begin PBXProject section */
		8CD535272DE0410900F3FD75 /* Project object */ = {
			isa = PBXProject;
			attributes = {
				BuildIndependentTargetsInParallel = 1;
				LastSwiftUpdateCheck = 1630;
				LastUpgradeCheck = 1630;
				TargetAttributes = {
					8CD5352E2DE0410900F3FD75 = {
						CreatedOnToolsVersion = 16.3;
					};
					8CD5353B2DE0410B00F3FD75 = {
						CreatedOnToolsVersion = 16.3;
						TestTargetID = 8CD5352E2DE0410900F3FD75;
					};
					8CD535452DE0410B00F3FD75 = {
						CreatedOnToolsVersion = 16.3;
						TestTargetID = 8CD5352E2DE0410900F3FD75;
					};
				};
			};
			buildConfigurationList = 8CD5352A2DE0410900F3FD75 /* Build configuration list for PBXProject "D2Flight" */;
			developmentRegion = en;
			hasScannedForEncodings = 0;
			knownRegions = (
				en,
				Base,
				sv,
				it,
				nb,
				vi,
				pt,
				"zh-Hans",
				fi,
				he,
				es,
				ar,
				el,
				uk,
				da,
				ko,
				de,
				ms,
				cs,
				ru,
				fr,
				th,
				ja,
				ro,
				id,
				pl,
				ca,
				tr,
				nl,
			);
			mainGroup = 8CD535262DE0410900F3FD75;
			minimizedProjectReferenceProxies = 1;
			packageReferences = (
				8C4882422DE4E98300E903D0 /* XCRemoteSwiftPackageReference "Alamofire" */,
				8C33EA0D2E41EABF00EBA869 /* XCRemoteSwiftPackageReference "firebase-ios-sdk" */,
				8CB27B8A2E41EB1E002CE17F /* XCRemoteSwiftPackageReference "GoogleSignIn-iOS" */,
			);
			preferredProjectObjectVersion = 77;
			productRefGroup = 8CD535302DE0410900F3FD75 /* Products */;
			projectDirPath = "";
			projectRoot = "";
			targets = (
				8CD5352E2DE0410900F3FD75 /* D2Flight */,
				8CD5353B2DE0410B00F3FD75 /* D2FlightTests */,
				8CD535452DE0410B00F3FD75 /* D2FlightUITests */,
			);
		};
/* End PBXProject section */

/* Begin PBXResourcesBuildPhase section */
		8CD5352D2DE0410900F3FD75 /* Resources */ = {
			isa = PBXResourcesBuildPhase;
			buildActionMask = 2147483647;
			files = (
			);
			runOnlyForDeploymentPostprocessing = 0;
		};
		8CD5353A2DE0410B00F3FD75 /* Resources */ = {
			isa = PBXResourcesBuildPhase;
			buildActionMask = 2147483647;
			files = (
			);
			runOnlyForDeploymentPostprocessing = 0;
		};
		8CD535442DE0410B00F3FD75 /* Resources */ = {
			isa = PBXResourcesBuildPhase;
			buildActionMask = 2147483647;
			files = (
			);
			runOnlyForDeploymentPostprocessing = 0;
		};
/* End PBXResourcesBuildPhase section */

/* Begin PBXSourcesBuildPhase section */
		8CD5352B2DE0410900F3FD75 /* Sources */ = {
			isa = PBXSourcesBuildPhase;
			buildActionMask = 2147483647;
			files = (
			);
			runOnlyForDeploymentPostprocessing = 0;
		};
		8CD535382DE0410B00F3FD75 /* Sources */ = {
			isa = PBXSourcesBuildPhase;
			buildActionMask = 2147483647;
			files = (
			);
			runOnlyForDeploymentPostprocessing = 0;
		};
		8CD535422DE0410B00F3FD75 /* Sources */ = {
			isa = PBXSourcesBuildPhase;
			buildActionMask = 2147483647;
			files = (
			);
			runOnlyForDeploymentPostprocessing = 0;
		};
/* End PBXSourcesBuildPhase section */

/* Begin PBXTargetDependency section */
		8CD5353E2DE0410B00F3FD75 /* PBXTargetDependency */ = {
			isa = PBXTargetDependency;
			target = 8CD5352E2DE0410900F3FD75 /* D2Flight */;
			targetProxy = 8CD5353D2DE0410B00F3FD75 /* PBXContainerItemProxy */;
		};
		8CD535482DE0410B00F3FD75 /* PBXTargetDependency */ = {
			isa = PBXTargetDependency;
			target = 8CD5352E2DE0410900F3FD75 /* D2Flight */;
			targetProxy = 8CD535472DE0410B00F3FD75 /* PBXContainerItemProxy */;
		};
/* End PBXTargetDependency section */

/* Begin XCBuildConfiguration section */
		8CD5354E2DE0410B00F3FD75 /* Debug */ = {
			isa = XCBuildConfiguration;
			buildSettings = {
				ALWAYS_SEARCH_USER_PATHS = NO;
				ASSETCATALOG_COMPILER_GENERATE_SWIFT_ASSET_SYMBOL_EXTENSIONS = YES;
				CLANG_ANALYZER_NONNULL = YES;
				CLANG_ANALYZER_NUMBER_OBJECT_CONVERSION = YES_AGGRESSIVE;
				CLANG_CXX_LANGUAGE_STANDARD = "gnu++20";
				CLANG_ENABLE_MODULES = YES;
				CLANG_ENABLE_OBJC_ARC = YES;
				CLANG_ENABLE_OBJC_WEAK = YES;
				CLANG_WARN_BLOCK_CAPTURE_AUTORELEASING = YES;
				CLANG_WARN_BOOL_CONVERSION = YES;
				CLANG_WARN_COMMA = YES;
				CLANG_WARN_CONSTANT_CONVERSION = YES;
				CLANG_WARN_DEPRECATED_OBJC_IMPLEMENTATIONS = YES;
				CLANG_WARN_DIRECT_OBJC_ISA_USAGE = YES_ERROR;
				CLANG_WARN_DOCUMENTATION_COMMENTS = YES;
				CLANG_WARN_EMPTY_BODY = YES;
				CLANG_WARN_ENUM_CONVERSION = YES;
				CLANG_WARN_INFINITE_RECURSION = YES;
				CLANG_WARN_INT_CONVERSION = YES;
				CLANG_WARN_NON_LITERAL_NULL_CONVERSION = YES;
				CLANG_WARN_OBJC_IMPLICIT_RETAIN_SELF = YES;
				CLANG_WARN_OBJC_LITERAL_CONVERSION = YES;
				CLANG_WARN_OBJC_ROOT_CLASS = YES_ERROR;
				CLANG_WARN_QUOTED_INCLUDE_IN_FRAMEWORK_HEADER = YES;
				CLANG_WARN_RANGE_LOOP_ANALYSIS = YES;
				CLANG_WARN_STRICT_PROTOTYPES = YES;
				CLANG_WARN_SUSPICIOUS_MOVE = YES;
				CLANG_WARN_UNGUARDED_AVAILABILITY = YES_AGGRESSIVE;
				CLANG_WARN_UNREACHABLE_CODE = YES;
				CLANG_WARN__DUPLICATE_METHOD_MATCH = YES;
				COPY_PHASE_STRIP = NO;
				DEBUG_INFORMATION_FORMAT = dwarf;
				ENABLE_STRICT_OBJC_MSGSEND = YES;
				ENABLE_TESTABILITY = YES;
				ENABLE_USER_SCRIPT_SANDBOXING = YES;
				GCC_C_LANGUAGE_STANDARD = gnu17;
				GCC_DYNAMIC_NO_PIC = NO;
				GCC_NO_COMMON_BLOCKS = YES;
				GCC_OPTIMIZATION_LEVEL = 0;
				GCC_PREPROCESSOR_DEFINITIONS = (
					"DEBUG=1",
					"$(inherited)",
				);
				GCC_WARN_64_TO_32_BIT_CONVERSION = YES;
				GCC_WARN_ABOUT_RETURN_TYPE = YES_ERROR;
				GCC_WARN_UNDECLARED_SELECTOR = YES;
				GCC_WARN_UNINITIALIZED_AUTOS = YES_AGGRESSIVE;
				GCC_WARN_UNUSED_FUNCTION = YES;
				GCC_WARN_UNUSED_VARIABLE = YES;
				IPHONEOS_DEPLOYMENT_TARGET = 18.4;
				LOCALIZATION_PREFERS_STRING_CATALOGS = YES;
				MTL_ENABLE_DEBUG_INFO = INCLUDE_SOURCE;
				MTL_FAST_MATH = YES;
				ONLY_ACTIVE_ARCH = YES;
				SDKROOT = iphoneos;
				SWIFT_ACTIVE_COMPILATION_CONDITIONS = "DEBUG $(inherited)";
				SWIFT_OPTIMIZATION_LEVEL = "-Onone";
			};
			name = Debug;
		};
		8CD5354F2DE0410B00F3FD75 /* Release */ = {
			isa = XCBuildConfiguration;
			buildSettings = {
				ALWAYS_SEARCH_USER_PATHS = NO;
				ASSETCATALOG_COMPILER_GENERATE_SWIFT_ASSET_SYMBOL_EXTENSIONS = YES;
				CLANG_ANALYZER_NONNULL = YES;
				CLANG_ANALYZER_NUMBER_OBJECT_CONVERSION = YES_AGGRESSIVE;
				CLANG_CXX_LANGUAGE_STANDARD = "gnu++20";
				CLANG_ENABLE_MODULES = YES;
				CLANG_ENABLE_OBJC_ARC = YES;
				CLANG_ENABLE_OBJC_WEAK = YES;
				CLANG_WARN_BLOCK_CAPTURE_AUTORELEASING = YES;
				CLANG_WARN_BOOL_CONVERSION = YES;
				CLANG_WARN_COMMA = YES;
				CLANG_WARN_CONSTANT_CONVERSION = YES;
				CLANG_WARN_DEPRECATED_OBJC_IMPLEMENTATIONS = YES;
				CLANG_WARN_DIRECT_OBJC_ISA_USAGE = YES_ERROR;
				CLANG_WARN_DOCUMENTATION_COMMENTS = YES;
				CLANG_WARN_EMPTY_BODY = YES;
				CLANG_WARN_ENUM_CONVERSION = YES;
				CLANG_WARN_INFINITE_RECURSION = YES;
				CLANG_WARN_INT_CONVERSION = YES;
				CLANG_WARN_NON_LITERAL_NULL_CONVERSION = YES;
				CLANG_WARN_OBJC_IMPLICIT_RETAIN_SELF = YES;
				CLANG_WARN_OBJC_LITERAL_CONVERSION = YES;
				CLANG_WARN_OBJC_ROOT_CLASS = YES_ERROR;
				CLANG_WARN_QUOTED_INCLUDE_IN_FRAMEWORK_HEADER = YES;
				CLANG_WARN_RANGE_LOOP_ANALYSIS = YES;
				CLANG_WARN_STRICT_PROTOTYPES = YES;
				CLANG_WARN_SUSPICIOUS_MOVE = YES;
				CLANG_WARN_UNGUARDED_AVAILABILITY = YES_AGGRESSIVE;
				CLANG_WARN_UNREACHABLE_CODE = YES;
				CLANG_WARN__DUPLICATE_METHOD_MATCH = YES;
				COPY_PHASE_STRIP = NO;
				DEBUG_INFORMATION_FORMAT = "dwarf-with-dsym";
				ENABLE_NS_ASSERTIONS = NO;
				ENABLE_STRICT_OBJC_MSGSEND = YES;
				ENABLE_USER_SCRIPT_SANDBOXING = YES;
				GCC_C_LANGUAGE_STANDARD = gnu17;
				GCC_NO_COMMON_BLOCKS = YES;
				GCC_WARN_64_TO_32_BIT_CONVERSION = YES;
				GCC_WARN_ABOUT_RETURN_TYPE = YES_ERROR;
				GCC_WARN_UNDECLARED_SELECTOR = YES;
				GCC_WARN_UNINITIALIZED_AUTOS = YES_AGGRESSIVE;
				GCC_WARN_UNUSED_FUNCTION = YES;
				GCC_WARN_UNUSED_VARIABLE = YES;
				IPHONEOS_DEPLOYMENT_TARGET = 18.4;
				LOCALIZATION_PREFERS_STRING_CATALOGS = YES;
				MTL_ENABLE_DEBUG_INFO = NO;
				MTL_FAST_MATH = YES;
				SDKROOT = iphoneos;
				SWIFT_COMPILATION_MODE = wholemodule;
				VALIDATE_PRODUCT = YES;
			};
			name = Release;
		};
		8CD535512DE0410B00F3FD75 /* Debug */ = {
			isa = XCBuildConfiguration;
			buildSettings = {
				ASSETCATALOG_COMPILER_APPICON_NAME = AppIcon;
				ASSETCATALOG_COMPILER_GLOBAL_ACCENT_COLOR_NAME = AccentColor;
				CODE_SIGN_ENTITLEMENTS = D2Flight/D2FlightDebug.entitlements;
				CODE_SIGN_STYLE = Automatic;
				CURRENT_PROJECT_VERSION = 1;
				DEVELOPMENT_TEAM = J48UCV8X2N;
				ENABLE_PREVIEWS = YES;
				GENERATE_INFOPLIST_FILE = YES;
				INFOPLIST_FILE = D2Flight/Info.plist;
				INFOPLIST_KEY_UIApplicationSceneManifest_Generation = YES;
				INFOPLIST_KEY_UIApplicationSupportsIndirectInputEvents = YES;
				INFOPLIST_KEY_UILaunchScreen_Generation = YES;
				INFOPLIST_KEY_UISupportedInterfaceOrientations_iPad = "UIInterfaceOrientationPortrait UIInterfaceOrientationPortraitUpsideDown UIInterfaceOrientationLandscapeLeft UIInterfaceOrientationLandscapeRight";
				INFOPLIST_KEY_UISupportedInterfaceOrientations_iPhone = "UIInterfaceOrientationPortrait UIInterfaceOrientationLandscapeLeft UIInterfaceOrientationLandscapeRight";
				LD_RUNPATH_SEARCH_PATHS = (
					"$(inherited)",
					"@executable_path/Frameworks",
				);
				MARKETING_VERSION = 1.0;
				PRODUCT_BUNDLE_IDENTIFIER = com.lascade.D2Flight;
				PRODUCT_NAME = "$(TARGET_NAME)";
				SWIFT_EMIT_LOC_STRINGS = YES;
				SWIFT_VERSION = 5.0;
				TARGETED_DEVICE_FAMILY = "1,2";
			};
			name = Debug;
		};
		8CD535522DE0410B00F3FD75 /* Release */ = {
			isa = XCBuildConfiguration;
			buildSettings = {
				ASSETCATALOG_COMPILER_APPICON_NAME = AppIcon;
				ASSETCATALOG_COMPILER_GLOBAL_ACCENT_COLOR_NAME = AccentColor;
				CODE_SIGN_STYLE = Automatic;
				CURRENT_PROJECT_VERSION = 1;
				DEVELOPMENT_TEAM = J48UCV8X2N;
				ENABLE_PREVIEWS = YES;
				GENERATE_INFOPLIST_FILE = YES;
				INFOPLIST_FILE = D2Flight/Info.plist;
				INFOPLIST_KEY_UIApplicationSceneManifest_Generation = YES;
				INFOPLIST_KEY_UIApplicationSupportsIndirectInputEvents = YES;
				INFOPLIST_KEY_UILaunchScreen_Generation = YES;
				INFOPLIST_KEY_UISupportedInterfaceOrientations_iPad = "UIInterfaceOrientationPortrait UIInterfaceOrientationPortraitUpsideDown UIInterfaceOrientationLandscapeLeft UIInterfaceOrientationLandscapeRight";
				INFOPLIST_KEY_UISupportedInterfaceOrientations_iPhone = "UIInterfaceOrientationPortrait UIInterfaceOrientationLandscapeLeft UIInterfaceOrientationLandscapeRight";
				LD_RUNPATH_SEARCH_PATHS = (
					"$(inherited)",
					"@executable_path/Frameworks",
				);
				MARKETING_VERSION = 1.0;
				PRODUCT_BUNDLE_IDENTIFIER = com.lascade.D2Flight;
				PRODUCT_NAME = "$(TARGET_NAME)";
				SWIFT_EMIT_LOC_STRINGS = YES;
				SWIFT_VERSION = 5.0;
				TARGETED_DEVICE_FAMILY = "1,2";
			};
			name = Release;
		};
		8CD535542DE0410B00F3FD75 /* Debug */ = {
			isa = XCBuildConfiguration;
			buildSettings = {
				BUNDLE_LOADER = "$(TEST_HOST)";
				CODE_SIGN_STYLE = Automatic;
				CURRENT_PROJECT_VERSION = 1;
				GENERATE_INFOPLIST_FILE = YES;
				IPHONEOS_DEPLOYMENT_TARGET = 18.4;
				MARKETING_VERSION = 1.0;
				PRODUCT_BUNDLE_IDENTIFIER = com.lascade.D2FlightTests;
				PRODUCT_NAME = "$(TARGET_NAME)";
				SWIFT_EMIT_LOC_STRINGS = NO;
				SWIFT_VERSION = 5.0;
				TARGETED_DEVICE_FAMILY = "1,2";
				TEST_HOST = "$(BUILT_PRODUCTS_DIR)/D2Flight.app/$(BUNDLE_EXECUTABLE_FOLDER_PATH)/D2Flight";
			};
			name = Debug;
		};
		8CD535552DE0410B00F3FD75 /* Release */ = {
			isa = XCBuildConfiguration;
			buildSettings = {
				BUNDLE_LOADER = "$(TEST_HOST)";
				CODE_SIGN_STYLE = Automatic;
				CURRENT_PROJECT_VERSION = 1;
				GENERATE_INFOPLIST_FILE = YES;
				IPHONEOS_DEPLOYMENT_TARGET = 18.4;
				MARKETING_VERSION = 1.0;
				PRODUCT_BUNDLE_IDENTIFIER = com.lascade.D2FlightTests;
				PRODUCT_NAME = "$(TARGET_NAME)";
				SWIFT_EMIT_LOC_STRINGS = NO;
				SWIFT_VERSION = 5.0;
				TARGETED_DEVICE_FAMILY = "1,2";
				TEST_HOST = "$(BUILT_PRODUCTS_DIR)/D2Flight.app/$(BUNDLE_EXECUTABLE_FOLDER_PATH)/D2Flight";
			};
			name = Release;
		};
		8CD535572DE0410B00F3FD75 /* Debug */ = {
			isa = XCBuildConfiguration;
			buildSettings = {
				CODE_SIGN_STYLE = Automatic;
				CURRENT_PROJECT_VERSION = 1;
				GENERATE_INFOPLIST_FILE = YES;
				MARKETING_VERSION = 1.0;
				PRODUCT_BUNDLE_IDENTIFIER = com.lascade.D2FlightUITests;
				PRODUCT_NAME = "$(TARGET_NAME)";
				SWIFT_EMIT_LOC_STRINGS = NO;
				SWIFT_VERSION = 5.0;
				TARGETED_DEVICE_FAMILY = "1,2";
				TEST_TARGET_NAME = D2Flight;
			};
			name = Debug;
		};
		8CD535582DE0410B00F3FD75 /* Release */ = {
			isa = XCBuildConfiguration;
			buildSettings = {
				CODE_SIGN_STYLE = Automatic;
				CURRENT_PROJECT_VERSION = 1;
				GENERATE_INFOPLIST_FILE = YES;
				MARKETING_VERSION = 1.0;
				PRODUCT_BUNDLE_IDENTIFIER = com.lascade.D2FlightUITests;
				PRODUCT_NAME = "$(TARGET_NAME)";
				SWIFT_EMIT_LOC_STRINGS = NO;
				SWIFT_VERSION = 5.0;
				TARGETED_DEVICE_FAMILY = "1,2";
				TEST_TARGET_NAME = D2Flight;
			};
			name = Release;
		};
/* End XCBuildConfiguration section */

/* Begin XCConfigurationList section */
		8CD5352A2DE0410900F3FD75 /* Build configuration list for PBXProject "D2Flight" */ = {
			isa = XCConfigurationList;
			buildConfigurations = (
				8CD5354E2DE0410B00F3FD75 /* Debug */,
				8CD5354F2DE0410B00F3FD75 /* Release */,
			);
			defaultConfigurationIsVisible = 0;
			defaultConfigurationName = Release;
		};
		8CD535502DE0410B00F3FD75 /* Build configuration list for PBXNativeTarget "D2Flight" */ = {
			isa = XCConfigurationList;
			buildConfigurations = (
				8CD535512DE0410B00F3FD75 /* Debug */,
				8CD535522DE0410B00F3FD75 /* Release */,
			);
			defaultConfigurationIsVisible = 0;
			defaultConfigurationName = Release;
		};
		8CD535532DE0410B00F3FD75 /* Build configuration list for PBXNativeTarget "D2FlightTests" */ = {
			isa = XCConfigurationList;
			buildConfigurations = (
				8CD535542DE0410B00F3FD75 /* Debug */,
				8CD535552DE0410B00F3FD75 /* Release */,
			);
			defaultConfigurationIsVisible = 0;
			defaultConfigurationName = Release;
		};
		8CD535562DE0410B00F3FD75 /* Build configuration list for PBXNativeTarget "D2FlightUITests" */ = {
			isa = XCConfigurationList;
			buildConfigurations = (
				8CD535572DE0410B00F3FD75 /* Debug */,
				8CD535582DE0410B00F3FD75 /* Release */,
			);
			defaultConfigurationIsVisible = 0;
			defaultConfigurationName = Release;
		};
/* End XCConfigurationList section */

/* Begin XCRemoteSwiftPackageReference section */
		8C33EA0D2E41EABF00EBA869 /* XCRemoteSwiftPackageReference "firebase-ios-sdk" */ = {
			isa = XCRemoteSwiftPackageReference;
			repositoryURL = "https://github.com/firebase/firebase-ios-sdk";
			requirement = {
				kind = upToNextMajorVersion;
				minimumVersion = 12.1.0;
			};
		};
		8C4882422DE4E98300E903D0 /* XCRemoteSwiftPackageReference "Alamofire" */ = {
			isa = XCRemoteSwiftPackageReference;
			repositoryURL = "https://github.com/Alamofire/Alamofire.git";
			requirement = {
				kind = upToNextMajorVersion;
				minimumVersion = 5.10.2;
			};
		};
		8CB27B8A2E41EB1E002CE17F /* XCRemoteSwiftPackageReference "GoogleSignIn-iOS" */ = {
			isa = XCRemoteSwiftPackageReference;
			repositoryURL = "https://github.com/google/GoogleSignIn-iOS";
			requirement = {
				kind = upToNextMajorVersion;
				minimumVersion = 9.0.0;
			};
		};
/* End XCRemoteSwiftPackageReference section */

/* Begin XCSwiftPackageProductDependency section */
		8C4882432DE4E98300E903D0 /* Alamofire */ = {
			isa = XCSwiftPackageProductDependency;
			package = 8C4882422DE4E98300E903D0 /* XCRemoteSwiftPackageReference "Alamofire" */;
			productName = Alamofire;
		};
		8CB27B982E41F3D0002CE17F /* FirebaseAuth */ = {
			isa = XCSwiftPackageProductDependency;
			package = 8C33EA0D2E41EABF00EBA869 /* XCRemoteSwiftPackageReference "firebase-ios-sdk" */;
			productName = FirebaseAuth;
		};
		8CB27B9A2E41F3D0002CE17F /* FirebaseCore */ = {
			isa = XCSwiftPackageProductDependency;
			package = 8C33EA0D2E41EABF00EBA869 /* XCRemoteSwiftPackageReference "firebase-ios-sdk" */;
			productName = FirebaseCore;
		};
		8CB27B9C2E41F3EE002CE17F /* GoogleSignIn */ = {
			isa = XCSwiftPackageProductDependency;
			package = 8CB27B8A2E41EB1E002CE17F /* XCRemoteSwiftPackageReference "GoogleSignIn-iOS" */;
			productName = GoogleSignIn;
		};
/* End XCSwiftPackageProductDependency section */
	};
	rootObject = 8CD535272DE0410900F3FD75 /* Project object */;
}
